
Microsoft Visual Studio Solution File, Format Version 12.00
# Visual Studio Version 17
VisualStudioVersion = 17.9.34723.18
MinimumVisualStudioVersion = 10.0.40219.1
Project("{FAE04EC0-301F-11D3-BF4B-00C04F79EFBC}") = "Laboratorul 4-Methodsv2", "Laboratorul 4-Methodsv2\Laboratorul 4-Methodsv2.csproj", "{004D7EAE-597C-477C-A178-B7E831817149}"
EndProject
Project("{FAE04EC0-301F-11D3-BF4B-00C04F79EFBC}") = "Handout", "Exercitiu\Handout.csproj", "{4E3FA4EB-1F78-4AC2-8AFE-5AA3138B48EC}"
EndProject
Project("{FAE04EC0-301F-11D3-BF4B-00C04F79EFBC}") = "Handout 2", "Handout 2\Handout 2.csproj", "{32B804DB-699F-4F5F-B763-D8A5295CB532}"
EndProject
Global
	GlobalSection(SolutionConfigurationPlatforms) = preSolution
		Debug|Any CPU = Debug|Any CPU
		Release|Any CPU = Release|Any CPU
	EndGlobalSection
	GlobalSection(ProjectConfigurationPlatforms) = postSolution
		{004D7EAE-597C-477C-A178-B7E831817149}.Debug|Any CPU.ActiveCfg = Debug|Any CPU
		{004D7EAE-597C-477C-A178-B7E831817149}.Debug|Any CPU.Build.0 = Debug|Any CPU
		{004D7EAE-597C-477C-A178-B7E831817149}.Release|Any CPU.ActiveCfg = Release|Any CPU
		{004D7EAE-597C-477C-A178-B7E831817149}.Release|Any CPU.Build.0 = Release|Any CPU
		{4E3FA4EB-1F78-4AC2-8AFE-5AA3138B48EC}.Debug|Any CPU.ActiveCfg = Debug|Any CPU
		{4E3FA4EB-1F78-4AC2-8AFE-5AA3138B48EC}.Debug|Any CPU.Build.0 = Debug|Any CPU
		{4E3FA4EB-1F78-4AC2-8AFE-5AA3138B48EC}.Release|Any CPU.ActiveCfg = Release|Any CPU
		{4E3FA4EB-1F78-4AC2-8AFE-5AA3138B48EC}.Release|Any CPU.Build.0 = Release|Any CPU
		{32B804DB-699F-4F5F-B763-D8A5295CB532}.Debug|Any CPU.ActiveCfg = Debug|Any CPU
		{32B804DB-699F-4F5F-B763-D8A5295CB532}.Debug|Any CPU.Build.0 = Debug|Any CPU
		{32B804DB-699F-4F5F-B763-D8A5295CB532}.Release|Any CPU.ActiveCfg = Release|Any CPU
		{32B804DB-699F-4F5F-B763-D8A5295CB532}.Release|Any CPU.Build.0 = Release|Any CPU
	EndGlobalSection
	GlobalSection(SolutionProperties) = preSolution
		HideSolutionNode = FALSE
	EndGlobalSection
	GlobalSection(ExtensibilityGlobals) = postSolution
		SolutionGuid = {5EC3EF14-FEA2-4D92-8AC6-C2856DEAD9BC}
	EndGlobalSection
EndGlobal
